
Microsoft Visual Studio Solution File, Format Version 12.00
# Visual Studio Version 17
VisualStudioVersion = 17.3.32804.467
MinimumVisualStudioVersion = 10.0.40219.1
Project("{FAE04EC0-301F-11D3-BF4B-00C04F79EFBC}") = "G4Eccomerce", "G4Eccomerce\G4Eccomerce.csproj", "{DAEEBFF0-0189-4952-A2D9-F9D1F3F71913}"
EndProject
Global
	GlobalSection(SolutionConfigurationPlatforms) = preSolution
		Debug|Any CPU = Debug|Any CPU
		Release|Any CPU = Release|Any CPU
	EndGlobalSection
	GlobalSection(ProjectConfigurationPlatforms) = postSolution
		{DAEEBFF0-0189-4952-A2D9-F9D1F3F71913}.Debug|Any CPU.ActiveCfg = Debug|Any CPU
		{DAEEBFF0-0189-4952-A2D9-F9D1F3F71913}.Debug|Any CPU.Build.0 = Debug|Any CPU
		{DAEEBFF0-0189-4952-A2D9-F9D1F3F71913}.Release|Any CPU.ActiveCfg = Release|Any CPU
		{DAEEBFF0-0189-4952-A2D9-F9D1F3F71913}.Release|Any CPU.Build.0 = Release|Any CPU
	EndGlobalSection
	GlobalSection(SolutionProperties) = preSolution
		HideSolutionNode = FALSE
	EndGlobalSection
	GlobalSection(ExtensibilityGlobals) = postSolution
		SolutionGuid = {1FC0BAB9-BBD4-4309-9013-370721985109}
	EndGlobalSection
EndGlobal
